
Microsoft Visual Studio Solution File, Format Version 12.00
# Visual Studio Version 17
VisualStudioVersion = 17.8.34511.84
MinimumVisualStudioVersion = 10.0.40219.1
Project("{FAE04EC0-301F-11D3-BF4B-00C04F79EFBC}") = "TimeTracker", "src\TimeTracker\TimeTracker.csproj", "{181A429E-A91C-4B1D-89A5-BC788D2FDF9F}"
EndProject
Global
	GlobalSection(SolutionConfigurationPlatforms) = preSolution
		Debug|Any CPU = Debug|Any CPU
		Release|Any CPU = Release|Any CPU
	EndGlobalSection
	GlobalSection(ProjectConfigurationPlatforms) = postSolution
		{181A429E-A91C-4B1D-89A5-BC788D2FDF9F}.Debug|Any CPU.ActiveCfg = Debug|Any CPU
		{181A429E-A91C-4B1D-89A5-BC788D2FDF9F}.Debug|Any CPU.Build.0 = Debug|Any CPU
		{181A429E-A91C-4B1D-89A5-BC788D2FDF9F}.Release|Any CPU.ActiveCfg = Release|Any CPU
		{181A429E-A91C-4B1D-89A5-BC788D2FDF9F}.Release|Any CPU.Build.0 = Release|Any CPU
	EndGlobalSection
	GlobalSection(SolutionProperties) = preSolution
		HideSolutionNode = FALSE
	EndGlobalSection
	GlobalSection(ExtensibilityGlobals) = postSolution
		SolutionGuid = {6CE8B53A-4E23-4FB6-A29F-A9CA6A4AF706}
	EndGlobalSection
EndGlobal
